
Microsoft Visual Studio Solution File, Format Version 12.00
# Visual Studio Version 16
VisualStudioVersion = 16.0.28922.388
MinimumVisualStudioVersion = 10.0.40219.1
Project("{FAE04EC0-301F-11D3-BF4B-00C04F79EFBC}") = "AlphaRangersIntegrator", "AlphaRangersIntegrator\AlphaRangersIntegrator.csproj", "{37EBD183-107E-4795-A2D5-9E566F0BB2BC}"
EndProject
Global
	GlobalSection(SolutionConfigurationPlatforms) = preSolution
		Debug|Any CPU = Debug|Any CPU
		Release|Any CPU = Release|Any CPU
	EndGlobalSection
	GlobalSection(ProjectConfigurationPlatforms) = postSolution
		{37EBD183-107E-4795-A2D5-9E566F0BB2BC}.Debug|Any CPU.ActiveCfg = Debug|Any CPU
		{37EBD183-107E-4795-A2D5-9E566F0BB2BC}.Debug|Any CPU.Build.0 = Debug|Any CPU
		{37EBD183-107E-4795-A2D5-9E566F0BB2BC}.Release|Any CPU.ActiveCfg = Release|Any CPU
		{37EBD183-107E-4795-A2D5-9E566F0BB2BC}.Release|Any CPU.Build.0 = Release|Any CPU
	EndGlobalSection
	GlobalSection(SolutionProperties) = preSolution
		HideSolutionNode = FALSE
	EndGlobalSection
	GlobalSection(ExtensibilityGlobals) = postSolution
		SolutionGuid = {59E70E36-3BFE-4482-B4CC-59BCD074ECF6}
	EndGlobalSection
EndGlobal
